
Microsoft Visual Studio Solution File, Format Version 12.00
# Visual Studio Version 17
VisualStudioVersion = 17.7.34024.191
MinimumVisualStudioVersion = 10.0.40219.1
Project("{FAE04EC0-301F-11D3-BF4B-00C04F79EFBC}") = "Mitternachtsformel", "Mitternachtsformel\Mitternachtsformel.csproj", "{7267764E-5BBC-4FED-99AC-D4C9AC53B0AA}"
EndProject
Global
	GlobalSection(SolutionConfigurationPlatforms) = preSolution
		Debug|Any CPU = Debug|Any CPU
		Release|Any CPU = Release|Any CPU
	EndGlobalSection
	GlobalSection(ProjectConfigurationPlatforms) = postSolution
		{7267764E-5BBC-4FED-99AC-D4C9AC53B0AA}.Debug|Any CPU.ActiveCfg = Debug|Any CPU
		{7267764E-5BBC-4FED-99AC-D4C9AC53B0AA}.Debug|Any CPU.Build.0 = Debug|Any CPU
		{7267764E-5BBC-4FED-99AC-D4C9AC53B0AA}.Release|Any CPU.ActiveCfg = Release|Any CPU
		{7267764E-5BBC-4FED-99AC-D4C9AC53B0AA}.Release|Any CPU.Build.0 = Release|Any CPU
	EndGlobalSection
	GlobalSection(SolutionProperties) = preSolution
		HideSolutionNode = FALSE
	EndGlobalSection
	GlobalSection(ExtensibilityGlobals) = postSolution
		SolutionGuid = {5C2D2B6F-DA1F-4508-87D7-D615FC8E62AF}
	EndGlobalSection
EndGlobal
